// !$*UTF8*$!
{
	archiveVersion = 1;
	classes = {
	};
	objectVersion = 50;
	objects = {

/* Begin PBXBuildFile section */
		2C068F0126D018ED000A684D /* HomeView.swift in Sources */ = {isa = PBXBuildFile; fileRef = 2C068F0026D018ED000A684D /* HomeView.swift */; };
		2C117D99270313B1009E2BBB /* TestPreformanceExample.swift in Sources */ = {isa = PBXBuildFile; fileRef = 2C117D98270313B1009E2BBB /* TestPreformanceExample.swift */; };
		2C1953A3266AD6D900AEDB93 /* Items-CoreDataHelpers.swift in Sources */ = {isa = PBXBuildFile; fileRef = 2C1953A2266AD6D900AEDB93 /* Items-CoreDataHelpers.swift */; };
		2C1953A5266AD89500AEDB93 /* Project-CoreDataHelpers.swift in Sources */ = {isa = PBXBuildFile; fileRef = 2C1953A4266AD89500AEDB93 /* Project-CoreDataHelpers.swift */; };
		2C1ECD8026D441DF006F2CC6 /* Localizable.strings in Resources */ = {isa = PBXBuildFile; fileRef = 2C1ECD8226D441DF006F2CC6 /* Localizable.strings */; };
		2C1ECD8426D4421F006F2CC6 /* Localizable.stringsdict in Resources */ = {isa = PBXBuildFile; fileRef = 2C1ECD8626D4421F006F2CC6 /* Localizable.stringsdict */; };
		2C2CBFC8270E264B00895B1A /* ProjectsViewModel.swift in Sources */ = {isa = PBXBuildFile; fileRef = 2C2CBFC7270E264B00895B1A /* ProjectsViewModel.swift */; };
		2C3470B9265AE9D6001B12BB /* zts_portfolioApp.swift in Sources */ = {isa = PBXBuildFile; fileRef = 2C3470B8265AE9D6001B12BB /* zts_portfolioApp.swift */; };
		2C3470BB265AE9D6001B12BB /* ContentView.swift in Sources */ = {isa = PBXBuildFile; fileRef = 2C3470BA265AE9D6001B12BB /* ContentView.swift */; };
		2C3470BD265AE9D7001B12BB /* Assets.xcassets in Resources */ = {isa = PBXBuildFile; fileRef = 2C3470BC265AE9D7001B12BB /* Assets.xcassets */; };
		2C3470C0265AE9D7001B12BB /* Preview Assets.xcassets in Resources */ = {isa = PBXBuildFile; fileRef = 2C3470BF265AE9D7001B12BB /* Preview Assets.xcassets */; };
		2C3916F12714B9D000422CE0 /* HomeViewModel.swift in Sources */ = {isa = PBXBuildFile; fileRef = 2C3916F02714B9D000422CE0 /* HomeViewModel.swift */; };
		2C3D72BF2670180700001AFB /* EditItemView.swift in Sources */ = {isa = PBXBuildFile; fileRef = 2C3D72BE2670180700001AFB /* EditItemView.swift */; };
		2C3D72C12670212900001AFB /* ItemRowView.swift in Sources */ = {isa = PBXBuildFile; fileRef = 2C3D72C02670212900001AFB /* ItemRowView.swift */; };
		2C443E6E270CDF2F0055DB2A /* zts_portfolioUITests.swift in Sources */ = {isa = PBXBuildFile; fileRef = 2C443E6D270CDF2F0055DB2A /* zts_portfolioUITests.swift */; };
		2C443E70270CDF2F0055DB2A /* zts_portfolioUITestsLaunchTests.swift in Sources */ = {isa = PBXBuildFile; fileRef = 2C443E6F270CDF2F0055DB2A /* zts_portfolioUITestsLaunchTests.swift */; };
		2C535CCA265C3C0100E79C74 /* Main.xcdatamodeld in Sources */ = {isa = PBXBuildFile; fileRef = 2C535CC8265C3C0100E79C74 /* Main.xcdatamodeld */; };
		2C535CCC265C3E7B00E79C74 /* DataController.swift in Sources */ = {isa = PBXBuildFile; fileRef = 2C535CCB265C3E7B00E79C74 /* DataController.swift */; };
		2C6B355F26D0126900B76AB1 /* AwardsView.swift in Sources */ = {isa = PBXBuildFile; fileRef = 2C6B355E26D0126800B76AB1 /* AwardsView.swift */; };
		2C6B356126D0127100B76AB1 /* Color-Additions.swift in Sources */ = {isa = PBXBuildFile; fileRef = 2C6B356026D0127100B76AB1 /* Color-Additions.swift */; };
		2C74835426FBAF1500749E7E /* AwardTests.swift in Sources */ = {isa = PBXBuildFile; fileRef = 2C74835326FBAF1500749E7E /* AwardTests.swift */; };
		2C7A934526D444C300BC54F7 /* Awards.json in Resources */ = {isa = PBXBuildFile; fileRef = 2C7A934726D444C300BC54F7 /* Awards.json */; };
		2C7B76692672BA4100973115 /* ProjectHeaderView.swift in Sources */ = {isa = PBXBuildFile; fileRef = 2C7B76682672BA4100973115 /* ProjectHeaderView.swift */; };
		2C7B766B2672BF2800973115 /* Colors.xcassets in Resources */ = {isa = PBXBuildFile; fileRef = 2C7B766A2672BF2800973115 /* Colors.xcassets */; };
		2C7B766D2673DF8E00973115 /* EditProjectView.swift in Sources */ = {isa = PBXBuildFile; fileRef = 2C7B766C2673DF8E00973115 /* EditProjectView.swift */; };
		2C81994D267BF288005A876C /* SequenceSorting.swift in Sources */ = {isa = PBXBuildFile; fileRef = 2C81994C267BF288005A876C /* SequenceSorting.swift */; };
		2C90BC3226D97297005DA3A9 /* ItemListView.swift in Sources */ = {isa = PBXBuildFile; fileRef = 2C90BC3126D97297005DA3A9 /* ItemListView.swift */; };
		2C90BC3426D97397005DA3A9 /* ProjectSummaryView.swift in Sources */ = {isa = PBXBuildFile; fileRef = 2C90BC3326D97397005DA3A9 /* ProjectSummaryView.swift */; };
		2C995A45271F412F000D294A /* UnlockManager.swift in Sources */ = {isa = PBXBuildFile; fileRef = 2C995A44271F412F000D294A /* UnlockManager.swift */; };
		2C9EDE0A27208E9900757F87 /* SKProduct-LocalisedPrice.swift in Sources */ = {isa = PBXBuildFile; fileRef = 2C9EDE0927208E9900757F87 /* SKProduct-LocalisedPrice.swift */; };
		2C9EDE0C27208F6100757F87 /* PurchaseButton.swift in Sources */ = {isa = PBXBuildFile; fileRef = 2C9EDE0B27208F6100757F87 /* PurchaseButton.swift */; };
		2C9EDE0E272090B100757F87 /* ProductView.swift in Sources */ = {isa = PBXBuildFile; fileRef = 2C9EDE0D272090B100757F87 /* ProductView.swift */; };
		2C9EDE10272092FC00757F87 /* UnlockView.swift in Sources */ = {isa = PBXBuildFile; fileRef = 2C9EDE0F272092FC00757F87 /* UnlockView.swift */; };
		2C9EDE1327209E0900757F87 /* ProjectSearch.swift in Sources */ = {isa = PBXBuildFile; fileRef = 2C9EDE1227209E0900757F87 /* ProjectSearch.swift */; };
		2C9F975226A62354000CB5BF /* Award.swift in Sources */ = {isa = PBXBuildFile; fileRef = 2C9F975126A62354000CB5BF /* Award.swift */; };
		2CAA4A2B26910A710049D61A /* SelectSomethingView.swift in Sources */ = {isa = PBXBuildFile; fileRef = 2CAA4A2A26910A710049D61A /* SelectSomethingView.swift */; };
		2CB2E11E2693B5CC00F7BB1A /* Bundle-Decodable.swift in Sources */ = {isa = PBXBuildFile; fileRef = 2CB2E11D2693B5CC00F7BB1A /* Bundle-Decodable.swift */; };
		2CB90AFC2703958300E90B16 /* ExtensionTests.swift in Sources */ = {isa = PBXBuildFile; fileRef = 2CB90AFB2703958300E90B16 /* ExtensionTests.swift */; };
		2CB90AFF270398D300E90B16 /* DecodableDictionary.json in Resources */ = {isa = PBXBuildFile; fileRef = 2CB90AFE270398D300E90B16 /* DecodableDictionary.json */; };
		2CB90B012703992B00E90B16 /* DecodableString.json in Resources */ = {isa = PBXBuildFile; fileRef = 2CB90B002703992B00E90B16 /* DecodableString.json */; };
		2CB942C526FBA5860082D2B9 /* ProjectTests.swift in Sources */ = {isa = PBXBuildFile; fileRef = 2CB942C426FBA5860082D2B9 /* ProjectTests.swift */; };
		2CC0D9CA2704E357004DE0B6 /* PerformanceTests.swift in Sources */ = {isa = PBXBuildFile; fileRef = 2CC0D9C92704E357004DE0B6 /* PerformanceTests.swift */; };
		2CC578D62730769900977777 /* SceneDelegate.swift in Sources */ = {isa = PBXBuildFile; fileRef = 2CC578D52730769900977777 /* SceneDelegate.swift */; };
		2CC578D82730773400977777 /* AppDelegate.swift in Sources */ = {isa = PBXBuildFile; fileRef = 2CC578D72730773400977777 /* AppDelegate.swift */; };
		2CD022592714C39B0026E1CF /* ItemRowViewModel.swift in Sources */ = {isa = PBXBuildFile; fileRef = 2CD022582714C39B0026E1CF /* ItemRowViewModel.swift */; };
		2CD6587026715689009CB06D /* Binding-OnChange.swift in Sources */ = {isa = PBXBuildFile; fileRef = 2CD6586F26715689009CB06D /* Binding-OnChange.swift */; };
		2CF205BC26FA560F0079C72F /* zts_portfolioTests.swift in Sources */ = {isa = PBXBuildFile; fileRef = 2CF205BB26FA560F0079C72F /* zts_portfolioTests.swift */; };
		2CF205C426FA579D0079C72F /* AssetTest.swift in Sources */ = {isa = PBXBuildFile; fileRef = 2CF205C326FA579D0079C72F /* AssetTest.swift */; };
		2CFD20E926682FE3009E68DF /* ProjectsView.swift in Sources */ = {isa = PBXBuildFile; fileRef = 2CFD20E826682FE3009E68DF /* ProjectsView.swift */; };
/* End PBXBuildFile section */

/* Begin PBXContainerItemProxy section */
		2C443E71270CDF2F0055DB2A /* PBXContainerItemProxy */ = {
			isa = PBXContainerItemProxy;
			containerPortal = 2C3470AD265AE9D6001B12BB /* Project object */;
			proxyType = 1;
			remoteGlobalIDString = 2C3470B4265AE9D6001B12BB;
			remoteInfo = "zts portfolio";
		};
		2CF205BE26FA560F0079C72F /* PBXContainerItemProxy */ = {
			isa = PBXContainerItemProxy;
			containerPortal = 2C3470AD265AE9D6001B12BB /* Project object */;
			proxyType = 1;
			remoteGlobalIDString = 2C3470B4265AE9D6001B12BB;
			remoteInfo = "zts portfolio";
		};
/* End PBXContainerItemProxy section */

/* Begin PBXFileReference section */
		2C068F0026D018ED000A684D /* HomeView.swift */ = {isa = PBXFileReference; fileEncoding = 4; lastKnownFileType = sourcecode.swift; path = HomeView.swift; sourceTree = "<group>"; };
		2C0DFB3D267528BA0020E703 /* zts portfolio.entitlements */ = {isa = PBXFileReference; lastKnownFileType = text.plist.entitlements; path = "zts portfolio.entitlements"; sourceTree = "<group>"; };
		2C117D98270313B1009E2BBB /* TestPreformanceExample.swift */ = {isa = PBXFileReference; lastKnownFileType = sourcecode.swift; path = TestPreformanceExample.swift; sourceTree = SOURCE_ROOT; };
		2C1953A2266AD6D900AEDB93 /* Items-CoreDataHelpers.swift */ = {isa = PBXFileReference; lastKnownFileType = sourcecode.swift; path = "Items-CoreDataHelpers.swift"; sourceTree = "<group>"; };
		2C1953A4266AD89500AEDB93 /* Project-CoreDataHelpers.swift */ = {isa = PBXFileReference; lastKnownFileType = sourcecode.swift; path = "Project-CoreDataHelpers.swift"; sourceTree = "<group>"; };
		2C1ECD8126D441DF006F2CC6 /* en */ = {isa = PBXFileReference; lastKnownFileType = text.plist.strings; name = en; path = en.lproj/Localizable.strings; sourceTree = "<group>"; };
		2C1ECD8326D441F4006F2CC6 /* pl */ = {isa = PBXFileReference; lastKnownFileType = text.plist.strings; name = pl; path = pl.lproj/Localizable.strings; sourceTree = "<group>"; };
		2C1ECD8526D4421F006F2CC6 /* en */ = {isa = PBXFileReference; lastKnownFileType = text.plist.stringsdict; name = en; path = en.lproj/Localizable.stringsdict; sourceTree = "<group>"; };
		2C1ECD8726D44224006F2CC6 /* pl */ = {isa = PBXFileReference; lastKnownFileType = text.plist.stringsdict; name = pl; path = pl.lproj/Localizable.stringsdict; sourceTree = "<group>"; };
		2C2CBFC7270E264B00895B1A /* ProjectsViewModel.swift */ = {isa = PBXFileReference; lastKnownFileType = sourcecode.swift; path = ProjectsViewModel.swift; sourceTree = "<group>"; };
		2C3470B5265AE9D6001B12BB /* zts portfolio.app */ = {isa = PBXFileReference; explicitFileType = wrapper.application; includeInIndex = 0; path = "zts portfolio.app"; sourceTree = BUILT_PRODUCTS_DIR; };
		2C3470B8265AE9D6001B12BB /* zts_portfolioApp.swift */ = {isa = PBXFileReference; lastKnownFileType = sourcecode.swift; path = zts_portfolioApp.swift; sourceTree = "<group>"; };
		2C3470BA265AE9D6001B12BB /* ContentView.swift */ = {isa = PBXFileReference; lastKnownFileType = sourcecode.swift; path = ContentView.swift; sourceTree = "<group>"; };
		2C3470BC265AE9D7001B12BB /* Assets.xcassets */ = {isa = PBXFileReference; lastKnownFileType = folder.assetcatalog; path = Assets.xcassets; sourceTree = "<group>"; };
		2C3470BF265AE9D7001B12BB /* Preview Assets.xcassets */ = {isa = PBXFileReference; lastKnownFileType = folder.assetcatalog; path = "Preview Assets.xcassets"; sourceTree = "<group>"; };
		2C3470C1265AE9D7001B12BB /* Info.plist */ = {isa = PBXFileReference; lastKnownFileType = text.plist.xml; path = Info.plist; sourceTree = "<group>"; };
		2C3916F02714B9D000422CE0 /* HomeViewModel.swift */ = {isa = PBXFileReference; lastKnownFileType = sourcecode.swift; path = HomeViewModel.swift; sourceTree = "<group>"; };
		2C3D72BE2670180700001AFB /* EditItemView.swift */ = {isa = PBXFileReference; lastKnownFileType = sourcecode.swift; path = EditItemView.swift; sourceTree = "<group>"; };
		2C3D72C02670212900001AFB /* ItemRowView.swift */ = {isa = PBXFileReference; lastKnownFileType = sourcecode.swift; path = ItemRowView.swift; sourceTree = "<group>"; };
		2C443E6B270CDF2F0055DB2A /* zts portfolioUITests.xctest */ = {isa = PBXFileReference; explicitFileType = wrapper.cfbundle; includeInIndex = 0; path = "zts portfolioUITests.xctest"; sourceTree = BUILT_PRODUCTS_DIR; };
		2C443E6D270CDF2F0055DB2A /* zts_portfolioUITests.swift */ = {isa = PBXFileReference; lastKnownFileType = sourcecode.swift; path = zts_portfolioUITests.swift; sourceTree = "<group>"; };
		2C443E6F270CDF2F0055DB2A /* zts_portfolioUITestsLaunchTests.swift */ = {isa = PBXFileReference; lastKnownFileType = sourcecode.swift; path = zts_portfolioUITestsLaunchTests.swift; sourceTree = "<group>"; };
		2C535CC9265C3C0100E79C74 /* Main.xcdatamodel */ = {isa = PBXFileReference; lastKnownFileType = wrapper.xcdatamodel; path = Main.xcdatamodel; sourceTree = "<group>"; };
		2C535CCB265C3E7B00E79C74 /* DataController.swift */ = {isa = PBXFileReference; lastKnownFileType = sourcecode.swift; path = DataController.swift; sourceTree = "<group>"; };
		2C6B355E26D0126800B76AB1 /* AwardsView.swift */ = {isa = PBXFileReference; fileEncoding = 4; lastKnownFileType = sourcecode.swift; path = AwardsView.swift; sourceTree = "<group>"; };
		2C6B356026D0127100B76AB1 /* Color-Additions.swift */ = {isa = PBXFileReference; fileEncoding = 4; lastKnownFileType = sourcecode.swift; path = "Color-Additions.swift"; sourceTree = "<group>"; };
		2C74835326FBAF1500749E7E /* AwardTests.swift */ = {isa = PBXFileReference; lastKnownFileType = sourcecode.swift; path = AwardTests.swift; sourceTree = "<group>"; };
		2C7A934826D444C600BC54F7 /* en */ = {isa = PBXFileReference; lastKnownFileType = text.json; name = en; path = en.lproj/Awards.json; sourceTree = "<group>"; };
		2C7A934926D444C700BC54F7 /* pl */ = {isa = PBXFileReference; lastKnownFileType = text.json; name = pl; path = pl.lproj/Awards.json; sourceTree = "<group>"; };
		2C7B76682672BA4100973115 /* ProjectHeaderView.swift */ = {isa = PBXFileReference; lastKnownFileType = sourcecode.swift; path = ProjectHeaderView.swift; sourceTree = "<group>"; };
		2C7B766A2672BF2800973115 /* Colors.xcassets */ = {isa = PBXFileReference; lastKnownFileType = folder.assetcatalog; path = Colors.xcassets; sourceTree = "<group>"; };
		2C7B766C2673DF8E00973115 /* EditProjectView.swift */ = {isa = PBXFileReference; lastKnownFileType = sourcecode.swift; path = EditProjectView.swift; sourceTree = "<group>"; };
		2C81994C267BF288005A876C /* SequenceSorting.swift */ = {isa = PBXFileReference; lastKnownFileType = sourcecode.swift; path = SequenceSorting.swift; sourceTree = "<group>"; };
		2C90BC3126D97297005DA3A9 /* ItemListView.swift */ = {isa = PBXFileReference; lastKnownFileType = sourcecode.swift; path = ItemListView.swift; sourceTree = "<group>"; };
		2C90BC3326D97397005DA3A9 /* ProjectSummaryView.swift */ = {isa = PBXFileReference; lastKnownFileType = sourcecode.swift; path = ProjectSummaryView.swift; sourceTree = "<group>"; };
		2C995A44271F412F000D294A /* UnlockManager.swift */ = {isa = PBXFileReference; lastKnownFileType = sourcecode.swift; path = UnlockManager.swift; sourceTree = "<group>"; };
		2C995A46271F42CB000D294A /* Configuration.storekit */ = {isa = PBXFileReference; lastKnownFileType = text; path = Configuration.storekit; sourceTree = "<group>"; };
		2C9EDE0927208E9900757F87 /* SKProduct-LocalisedPrice.swift */ = {isa = PBXFileReference; lastKnownFileType = sourcecode.swift; path = "SKProduct-LocalisedPrice.swift"; sourceTree = "<group>"; };
		2C9EDE0B27208F6100757F87 /* PurchaseButton.swift */ = {isa = PBXFileReference; lastKnownFileType = sourcecode.swift; path = PurchaseButton.swift; sourceTree = "<group>"; };
		2C9EDE0D272090B100757F87 /* ProductView.swift */ = {isa = PBXFileReference; lastKnownFileType = sourcecode.swift; path = ProductView.swift; sourceTree = "<group>"; };
		2C9EDE0F272092FC00757F87 /* UnlockView.swift */ = {isa = PBXFileReference; lastKnownFileType = sourcecode.swift; path = UnlockView.swift; sourceTree = "<group>"; };
		2C9EDE1227209E0900757F87 /* ProjectSearch.swift */ = {isa = PBXFileReference; lastKnownFileType = sourcecode.swift; path = ProjectSearch.swift; sourceTree = "<group>"; };
		2C9F975126A62354000CB5BF /* Award.swift */ = {isa = PBXFileReference; lastKnownFileType = sourcecode.swift; path = Award.swift; sourceTree = "<group>"; };
		2CAA4A2A26910A710049D61A /* SelectSomethingView.swift */ = {isa = PBXFileReference; lastKnownFileType = sourcecode.swift; path = SelectSomethingView.swift; sourceTree = "<group>"; };
		2CB2E11D2693B5CC00F7BB1A /* Bundle-Decodable.swift */ = {isa = PBXFileReference; lastKnownFileType = sourcecode.swift; path = "Bundle-Decodable.swift"; sourceTree = "<group>"; };
		2CB90AFB2703958300E90B16 /* ExtensionTests.swift */ = {isa = PBXFileReference; lastKnownFileType = sourcecode.swift; path = ExtensionTests.swift; sourceTree = "<group>"; };
		2CB90AFE270398D300E90B16 /* DecodableDictionary.json */ = {isa = PBXFileReference; lastKnownFileType = text.json; path = DecodableDictionary.json; sourceTree = "<group>"; };
		2CB90B002703992B00E90B16 /* DecodableString.json */ = {isa = PBXFileReference; lastKnownFileType = text.json; path = DecodableString.json; sourceTree = "<group>"; };
		2CB942C426FBA5860082D2B9 /* ProjectTests.swift */ = {isa = PBXFileReference; lastKnownFileType = sourcecode.swift; name = ProjectTests.swift; path = "zts portfolio/Tabs/Home/ProjectTests.swift"; sourceTree = SOURCE_ROOT; };
		2CC0D9C92704E357004DE0B6 /* PerformanceTests.swift */ = {isa = PBXFileReference; lastKnownFileType = sourcecode.swift; path = PerformanceTests.swift; sourceTree = "<group>"; };
		2CC578D52730769900977777 /* SceneDelegate.swift */ = {isa = PBXFileReference; lastKnownFileType = sourcecode.swift; path = SceneDelegate.swift; sourceTree = "<group>"; };
		2CC578D72730773400977777 /* AppDelegate.swift */ = {isa = PBXFileReference; lastKnownFileType = sourcecode.swift; path = AppDelegate.swift; sourceTree = "<group>"; };
		2CD022582714C39B0026E1CF /* ItemRowViewModel.swift */ = {isa = PBXFileReference; lastKnownFileType = sourcecode.swift; path = ItemRowViewModel.swift; sourceTree = "<group>"; };
		2CD6586F26715689009CB06D /* Binding-OnChange.swift */ = {isa = PBXFileReference; lastKnownFileType = sourcecode.swift; path = "Binding-OnChange.swift"; sourceTree = "<group>"; };
		2CF205B926FA560F0079C72F /* zts portfolioTests.xctest */ = {isa = PBXFileReference; explicitFileType = wrapper.cfbundle; includeInIndex = 0; path = "zts portfolioTests.xctest"; sourceTree = BUILT_PRODUCTS_DIR; };
		2CF205BB26FA560F0079C72F /* zts_portfolioTests.swift */ = {isa = PBXFileReference; lastKnownFileType = sourcecode.swift; path = zts_portfolioTests.swift; sourceTree = "<group>"; };
		2CF205BD26FA560F0079C72F /* Info.plist */ = {isa = PBXFileReference; lastKnownFileType = text.plist.xml; path = Info.plist; sourceTree = "<group>"; };
		2CF205C326FA579D0079C72F /* AssetTest.swift */ = {isa = PBXFileReference; lastKnownFileType = sourcecode.swift; path = AssetTest.swift; sourceTree = "<group>"; };
		2CFD20E826682FE3009E68DF /* ProjectsView.swift */ = {isa = PBXFileReference; lastKnownFileType = sourcecode.swift; path = ProjectsView.swift; sourceTree = "<group>"; };
/* End PBXFileReference section */

/* Begin PBXFrameworksBuildPhase section */
		2C3470B2265AE9D6001B12BB /* Frameworks */ = {
			isa = PBXFrameworksBuildPhase;
			buildActionMask = 2147483647;
			files = (
			);
			runOnlyForDeploymentPostprocessing = 0;
		};
		2C443E68270CDF2F0055DB2A /* Frameworks */ = {
			isa = PBXFrameworksBuildPhase;
			buildActionMask = 2147483647;
			files = (
			);
			runOnlyForDeploymentPostprocessing = 0;
		};
		2CF205B626FA560F0079C72F /* Frameworks */ = {
			isa = PBXFrameworksBuildPhase;
			buildActionMask = 2147483647;
			files = (
			);
			runOnlyForDeploymentPostprocessing = 0;
		};
/* End PBXFrameworksBuildPhase section */

/* Begin PBXGroup section */
		2C1ECD8826D44242006F2CC6 /* Localisations */ = {
			isa = PBXGroup;
			children = (
				2C1ECD8226D441DF006F2CC6 /* Localizable.strings */,
				2C1ECD8626D4421F006F2CC6 /* Localizable.stringsdict */,
			);
			path = Localisations;
			sourceTree = "<group>";
		};
		2C3470AC265AE9D6001B12BB = {
			isa = PBXGroup;
			children = (
				2C3470B7265AE9D6001B12BB /* zts portfolio */,
				2CF205BA26FA560F0079C72F /* zts portfolioTests */,
				2C443E6C270CDF2F0055DB2A /* zts portfolioUITests */,
				2C3470B6265AE9D6001B12BB /* Products */,
			);
			sourceTree = "<group>";
		};
		2C3470B6265AE9D6001B12BB /* Products */ = {
			isa = PBXGroup;
			children = (
				2C3470B5265AE9D6001B12BB /* zts portfolio.app */,
				2CF205B926FA560F0079C72F /* zts portfolioTests.xctest */,
				2C443E6B270CDF2F0055DB2A /* zts portfolioUITests.xctest */,
			);
			name = Products;
			sourceTree = "<group>";
		};
		2C3470B7265AE9D6001B12BB /* zts portfolio */ = {
			isa = PBXGroup;
			children = (
				2C3470B8265AE9D6001B12BB /* zts_portfolioApp.swift */,
				2C3470BA265AE9D6001B12BB /* ContentView.swift */,
				2C535CCB265C3E7B00E79C74 /* DataController.swift */,
				2C9EDE11272098BD00757F87 /* Unlock */,
				2C4F9EBB26F91462003671E3 /* Configuration */,
				2C4F9EBC26F91846003671E3 /* Tabs */,
				2C4F9EB826F91429003671E3 /* Extension */,
				2C1ECD8826D44242006F2CC6 /* Localisations */,
				2C3470BE265AE9D7001B12BB /* Preview Content */,
				2C3470BC265AE9D7001B12BB /* Assets.xcassets */,
				2C7B766A2672BF2800973115 /* Colors.xcassets */,
				2C9EDE1227209E0900757F87 /* ProjectSearch.swift */,
				2CC578D72730773400977777 /* AppDelegate.swift */,
				2CC578D52730769900977777 /* SceneDelegate.swift */,
			);
			path = "zts portfolio";
			sourceTree = "<group>";
		};
		2C3470BE265AE9D7001B12BB /* Preview Content */ = {
			isa = PBXGroup;
			children = (
				2C3470BF265AE9D7001B12BB /* Preview Assets.xcassets */,
			);
			path = "Preview Content";
			sourceTree = "<group>";
		};
		2C443E6C270CDF2F0055DB2A /* zts portfolioUITests */ = {
			isa = PBXGroup;
			children = (
				2C443E6D270CDF2F0055DB2A /* zts_portfolioUITests.swift */,
				2C443E6F270CDF2F0055DB2A /* zts_portfolioUITestsLaunchTests.swift */,
			);
			path = "zts portfolioUITests";
			sourceTree = "<group>";
		};
		2C4F9EB826F91429003671E3 /* Extension */ = {
			isa = PBXGroup;
			children = (
				2C4F9EC126F919D2003671E3 /* Models */,
				2C81994C267BF288005A876C /* SequenceSorting.swift */,
				2C9EDE0927208E9900757F87 /* SKProduct-LocalisedPrice.swift */,
				2CD6586F26715689009CB06D /* Binding-OnChange.swift */,
				2CB2E11D2693B5CC00F7BB1A /* Bundle-Decodable.swift */,
				2C6B356026D0127100B76AB1 /* Color-Additions.swift */,
			);
			path = Extension;
			sourceTree = "<group>";
		};
		2C4F9EBB26F91462003671E3 /* Configuration */ = {
			isa = PBXGroup;
			children = (
				2C0DFB3D267528BA0020E703 /* zts portfolio.entitlements */,
				2C535CC8265C3C0100E79C74 /* Main.xcdatamodeld */,
				2C3470C1265AE9D7001B12BB /* Info.plist */,
				2C995A46271F42CB000D294A /* Configuration.storekit */,
			);
			path = Configuration;
			sourceTree = "<group>";
		};
		2C4F9EBC26F91846003671E3 /* Tabs */ = {
			isa = PBXGroup;
			children = (
				2C4F9EBD26F91850003671E3 /* Home */,
				2C4F9EBF26F91860003671E3 /* Projects */,
				2C4F9EC026F91869003671E3 /* Awards */,
			);
			path = Tabs;
			sourceTree = "<group>";
		};
		2C4F9EBD26F91850003671E3 /* Home */ = {
			isa = PBXGroup;
			children = (
				2C068F0026D018ED000A684D /* HomeView.swift */,
				2C3916F02714B9D000422CE0 /* HomeViewModel.swift */,
				2C90BC3126D97297005DA3A9 /* ItemListView.swift */,
				2C90BC3326D97397005DA3A9 /* ProjectSummaryView.swift */,
			);
			path = Home;
			sourceTree = "<group>";
		};
		2C4F9EBF26F91860003671E3 /* Projects */ = {
			isa = PBXGroup;
			children = (
				2CFD20E826682FE3009E68DF /* ProjectsView.swift */,
				2C2CBFC7270E264B00895B1A /* ProjectsViewModel.swift */,
				2CAA4A2A26910A710049D61A /* SelectSomethingView.swift */,
				2C7B76682672BA4100973115 /* ProjectHeaderView.swift */,
				2C3D72C02670212900001AFB /* ItemRowView.swift */,
				2CD022582714C39B0026E1CF /* ItemRowViewModel.swift */,
				2C7B766C2673DF8E00973115 /* EditProjectView.swift */,
				2C3D72BE2670180700001AFB /* EditItemView.swift */,
			);
			path = Projects;
			sourceTree = "<group>";
		};
		2C4F9EC026F91869003671E3 /* Awards */ = {
			isa = PBXGroup;
			children = (
				2C6B355E26D0126800B76AB1 /* AwardsView.swift */,
				2C9F975126A62354000CB5BF /* Award.swift */,
				2C7A934726D444C300BC54F7 /* Awards.json */,
			);
			path = Awards;
			sourceTree = "<group>";
		};
		2C4F9EC126F919D2003671E3 /* Models */ = {
			isa = PBXGroup;
			children = (
				2C1953A2266AD6D900AEDB93 /* Items-CoreDataHelpers.swift */,
				2C1953A4266AD89500AEDB93 /* Project-CoreDataHelpers.swift */,
			);
			path = Models;
			sourceTree = "<group>";
		};
		2C9EDE11272098BD00757F87 /* Unlock */ = {
			isa = PBXGroup;
			children = (
				2C995A44271F412F000D294A /* UnlockManager.swift */,
				2C9EDE0D272090B100757F87 /* ProductView.swift */,
				2C9EDE0F272092FC00757F87 /* UnlockView.swift */,
				2C9EDE0B27208F6100757F87 /* PurchaseButton.swift */,
			);
			path = Unlock;
			sourceTree = "<group>";
		};
		2CB90AFD2703989B00E90B16 /* Fixtures */ = {
			isa = PBXGroup;
			children = (
				2CB90AFE270398D300E90B16 /* DecodableDictionary.json */,
				2CB90B002703992B00E90B16 /* DecodableString.json */,
			);
			path = Fixtures;
			sourceTree = "<group>";
		};
		2CF205BA26FA560F0079C72F /* zts portfolioTests */ = {
			isa = PBXGroup;
			children = (
				2CB90AFD2703989B00E90B16 /* Fixtures */,
				2C117D98270313B1009E2BBB /* TestPreformanceExample.swift */,
				2CF205BB26FA560F0079C72F /* zts_portfolioTests.swift */,
				2CB942C426FBA5860082D2B9 /* ProjectTests.swift */,
				2C74835326FBAF1500749E7E /* AwardTests.swift */,
				2CF205C326FA579D0079C72F /* AssetTest.swift */,
				2CB90AFB2703958300E90B16 /* ExtensionTests.swift */,
				2CF205BD26FA560F0079C72F /* Info.plist */,
				2CC0D9C92704E357004DE0B6 /* PerformanceTests.swift */,
			);
			path = "zts portfolioTests";
			sourceTree = "<group>";
		};
/* End PBXGroup section */

/* Begin PBXNativeTarget section */
		2C3470B4265AE9D6001B12BB /* zts portfolio */ = {
			isa = PBXNativeTarget;
			buildConfigurationList = 2C3470C4265AE9D7001B12BB /* Build configuration list for PBXNativeTarget "zts portfolio" */;
			buildPhases = (
				2C3470B1265AE9D6001B12BB /* Sources */,
				2C3470B2265AE9D6001B12BB /* Frameworks */,
				2C3470B3265AE9D6001B12BB /* Resources */,
				2C007FDE26EFD71800DD4EAD /* swiftlint */,
			);
			buildRules = (
			);
			dependencies = (
			);
			name = "zts portfolio";
			productName = "zts portfolio";
			productReference = 2C3470B5265AE9D6001B12BB /* zts portfolio.app */;
			productType = "com.apple.product-type.application";
		};
		2C443E6A270CDF2F0055DB2A /* zts portfolioUITests */ = {
			isa = PBXNativeTarget;
			buildConfigurationList = 2C443E75270CDF2F0055DB2A /* Build configuration list for PBXNativeTarget "zts portfolioUITests" */;
			buildPhases = (
				2C443E67270CDF2F0055DB2A /* Sources */,
				2C443E68270CDF2F0055DB2A /* Frameworks */,
				2C443E69270CDF2F0055DB2A /* Resources */,
			);
			buildRules = (
			);
			dependencies = (
				2C443E72270CDF2F0055DB2A /* PBXTargetDependency */,
			);
			name = "zts portfolioUITests";
			productName = "zts portfolioUITests";
			productReference = 2C443E6B270CDF2F0055DB2A /* zts portfolioUITests.xctest */;
			productType = "com.apple.product-type.bundle.ui-testing";
		};
		2CF205B826FA560F0079C72F /* zts portfolioTests */ = {
			isa = PBXNativeTarget;
			buildConfigurationList = 2CF205C226FA560F0079C72F /* Build configuration list for PBXNativeTarget "zts portfolioTests" */;
			buildPhases = (
				2CF205B526FA560F0079C72F /* Sources */,
				2CF205B626FA560F0079C72F /* Frameworks */,
				2CF205B726FA560F0079C72F /* Resources */,
			);
			buildRules = (
			);
			dependencies = (
				2CF205BF26FA560F0079C72F /* PBXTargetDependency */,
			);
			name = "zts portfolioTests";
			productName = "zts portfolioTests";
			productReference = 2CF205B926FA560F0079C72F /* zts portfolioTests.xctest */;
			productType = "com.apple.product-type.bundle.unit-test";
		};
/* End PBXNativeTarget section */

/* Begin PBXProject section */
		2C3470AD265AE9D6001B12BB /* Project object */ = {
			isa = PBXProject;
			attributes = {
				LastSwiftUpdateCheck = 1300;
				LastUpgradeCheck = 1250;
				TargetAttributes = {
					2C3470B4265AE9D6001B12BB = {
						CreatedOnToolsVersion = 12.5;
					};
					2C443E6A270CDF2F0055DB2A = {
						CreatedOnToolsVersion = 13.0;
						TestTargetID = 2C3470B4265AE9D6001B12BB;
					};
					2CF205B826FA560F0079C72F = {
						CreatedOnToolsVersion = 12.5.1;
						TestTargetID = 2C3470B4265AE9D6001B12BB;
					};
				};
			};
			buildConfigurationList = 2C3470B0265AE9D6001B12BB /* Build configuration list for PBXProject "zts portfolio" */;
			compatibilityVersion = "Xcode 9.3";
			developmentRegion = en;
			hasScannedForEncodings = 0;
			knownRegions = (
				en,
				Base,
				pl,
			);
			mainGroup = 2C3470AC265AE9D6001B12BB;
			productRefGroup = 2C3470B6265AE9D6001B12BB /* Products */;
			projectDirPath = "";
			projectRoot = "";
			targets = (
				2C3470B4265AE9D6001B12BB /* zts portfolio */,
				2CF205B826FA560F0079C72F /* zts portfolioTests */,
				2C443E6A270CDF2F0055DB2A /* zts portfolioUITests */,
			);
		};
/* End PBXProject section */

/* Begin PBXResourcesBuildPhase section */
		2C3470B3265AE9D6001B12BB /* Resources */ = {
			isa = PBXResourcesBuildPhase;
			buildActionMask = 2147483647;
			files = (
				2C1ECD8026D441DF006F2CC6 /* Localizable.strings in Resources */,
				2C7A934526D444C300BC54F7 /* Awards.json in Resources */,
				2C7B766B2672BF2800973115 /* Colors.xcassets in Resources */,
				2C3470C0265AE9D7001B12BB /* Preview Assets.xcassets in Resources */,
				2C3470BD265AE9D7001B12BB /* Assets.xcassets in Resources */,
				2C1ECD8426D4421F006F2CC6 /* Localizable.stringsdict in Resources */,
			);
			runOnlyForDeploymentPostprocessing = 0;
		};
		2C443E69270CDF2F0055DB2A /* Resources */ = {
			isa = PBXResourcesBuildPhase;
			buildActionMask = 2147483647;
			files = (
			);
			runOnlyForDeploymentPostprocessing = 0;
		};
		2CF205B726FA560F0079C72F /* Resources */ = {
			isa = PBXResourcesBuildPhase;
			buildActionMask = 2147483647;
			files = (
				2CB90B012703992B00E90B16 /* DecodableString.json in Resources */,
				2CB90AFF270398D300E90B16 /* DecodableDictionary.json in Resources */,
			);
			runOnlyForDeploymentPostprocessing = 0;
		};
/* End PBXResourcesBuildPhase section */

/* Begin PBXShellScriptBuildPhase section */
		2C007FDE26EFD71800DD4EAD /* swiftlint */ = {
			isa = PBXShellScriptBuildPhase;
			buildActionMask = 2147483647;
			files = (
			);
			inputFileListPaths = (
			);
			inputPaths = (
			);
			name = swiftlint;
			outputFileListPaths = (
			);
			outputPaths = (
			);
			runOnlyForDeploymentPostprocessing = 0;
			shellPath = /bin/sh;
			shellScript = "# Type a script or drag a script file from your workspace to insert its path.\nif which swiftlint >/dev/null; then\n  swiftlint\nelse\n  echo \"warning: SwiftLint not installed, download from https://github.com/realm/SwiftLint\"\nfi\n";
		};
/* End PBXShellScriptBuildPhase section */

/* Begin PBXSourcesBuildPhase section */
		2C3470B1265AE9D6001B12BB /* Sources */ = {
			isa = PBXSourcesBuildPhase;
			buildActionMask = 2147483647;
			files = (
				2CFD20E926682FE3009E68DF /* ProjectsView.swift in Sources */,
				2C90BC3426D97397005DA3A9 /* ProjectSummaryView.swift in Sources */,
				2CC578D62730769900977777 /* SceneDelegate.swift in Sources */,
				2C9EDE0C27208F6100757F87 /* PurchaseButton.swift in Sources */,
				2CAA4A2B26910A710049D61A /* SelectSomethingView.swift in Sources */,
				2C9EDE0E272090B100757F87 /* ProductView.swift in Sources */,
				2C6B355F26D0126900B76AB1 /* AwardsView.swift in Sources */,
				2C7B76692672BA4100973115 /* ProjectHeaderView.swift in Sources */,
				2CC578D82730773400977777 /* AppDelegate.swift in Sources */,
				2C3916F12714B9D000422CE0 /* HomeViewModel.swift in Sources */,
				2C995A45271F412F000D294A /* UnlockManager.swift in Sources */,
				2C535CCA265C3C0100E79C74 /* Main.xcdatamodeld in Sources */,
				2C6B356126D0127100B76AB1 /* Color-Additions.swift in Sources */,
				2C1953A5266AD89500AEDB93 /* Project-CoreDataHelpers.swift in Sources */,
				2C7B766D2673DF8E00973115 /* EditProjectView.swift in Sources */,
				2C535CCC265C3E7B00E79C74 /* DataController.swift in Sources */,
				2C9EDE0A27208E9900757F87 /* SKProduct-LocalisedPrice.swift in Sources */,
				2C9F975226A62354000CB5BF /* Award.swift in Sources */,
				2C9EDE10272092FC00757F87 /* UnlockView.swift in Sources */,
				2C3D72C12670212900001AFB /* ItemRowView.swift in Sources */,
				2C3470BB265AE9D6001B12BB /* ContentView.swift in Sources */,
				2CD6587026715689009CB06D /* Binding-OnChange.swift in Sources */,
				2C81994D267BF288005A876C /* SequenceSorting.swift in Sources */,
				2CB2E11E2693B5CC00F7BB1A /* Bundle-Decodable.swift in Sources */,
				2C90BC3226D97297005DA3A9 /* ItemListView.swift in Sources */,
				2C1953A3266AD6D900AEDB93 /* Items-CoreDataHelpers.swift in Sources */,
				2C3470B9265AE9D6001B12BB /* zts_portfolioApp.swift in Sources */,
				2CD022592714C39B0026E1CF /* ItemRowViewModel.swift in Sources */,
				2C3D72BF2670180700001AFB /* EditItemView.swift in Sources */,
				2C9EDE1327209E0900757F87 /* ProjectSearch.swift in Sources */,
				2C2CBFC8270E264B00895B1A /* ProjectsViewModel.swift in Sources */,
				2C068F0126D018ED000A684D /* HomeView.swift in Sources */,
			);
			runOnlyForDeploymentPostprocessing = 0;
		};
		2C443E67270CDF2F0055DB2A /* Sources */ = {
			isa = PBXSourcesBuildPhase;
			buildActionMask = 2147483647;
			files = (
				2C443E6E270CDF2F0055DB2A /* zts_portfolioUITests.swift in Sources */,
				2C443E70270CDF2F0055DB2A /* zts_portfolioUITestsLaunchTests.swift in Sources */,
			);
			runOnlyForDeploymentPostprocessing = 0;
		};
		2CF205B526FA560F0079C72F /* Sources */ = {
			isa = PBXSourcesBuildPhase;
			buildActionMask = 2147483647;
			files = (
				2CC0D9CA2704E357004DE0B6 /* PerformanceTests.swift in Sources */,
				2C117D99270313B1009E2BBB /* TestPreformanceExample.swift in Sources */,
				2CF205C426FA579D0079C72F /* AssetTest.swift in Sources */,
				2C74835426FBAF1500749E7E /* AwardTests.swift in Sources */,
				2CB90AFC2703958300E90B16 /* ExtensionTests.swift in Sources */,
				2CF205BC26FA560F0079C72F /* zts_portfolioTests.swift in Sources */,
				2CB942C526FBA5860082D2B9 /* ProjectTests.swift in Sources */,
			);
			runOnlyForDeploymentPostprocessing = 0;
		};
/* End PBXSourcesBuildPhase section */

/* Begin PBXTargetDependency section */
		2C443E72270CDF2F0055DB2A /* PBXTargetDependency */ = {
			isa = PBXTargetDependency;
			target = 2C3470B4265AE9D6001B12BB /* zts portfolio */;
			targetProxy = 2C443E71270CDF2F0055DB2A /* PBXContainerItemProxy */;
		};
		2CF205BF26FA560F0079C72F /* PBXTargetDependency */ = {
			isa = PBXTargetDependency;
			target = 2C3470B4265AE9D6001B12BB /* zts portfolio */;
			targetProxy = 2CF205BE26FA560F0079C72F /* PBXContainerItemProxy */;
		};
/* End PBXTargetDependency section */

/* Begin PBXVariantGroup section */
		2C1ECD8226D441DF006F2CC6 /* Localizable.strings */ = {
			isa = PBXVariantGroup;
			children = (
				2C1ECD8126D441DF006F2CC6 /* en */,
				2C1ECD8326D441F4006F2CC6 /* pl */,
			);
			name = Localizable.strings;
			sourceTree = "<group>";
		};
		2C1ECD8626D4421F006F2CC6 /* Localizable.stringsdict */ = {
			isa = PBXVariantGroup;
			children = (
				2C1ECD8526D4421F006F2CC6 /* en */,
				2C1ECD8726D44224006F2CC6 /* pl */,
			);
			name = Localizable.stringsdict;
			sourceTree = "<group>";
		};
		2C7A934726D444C300BC54F7 /* Awards.json */ = {
			isa = PBXVariantGroup;
			children = (
				2C7A934826D444C600BC54F7 /* en */,
				2C7A934926D444C700BC54F7 /* pl */,
			);
			name = Awards.json;
			sourceTree = "<group>";
		};
/* End PBXVariantGroup section */

/* Begin XCBuildConfiguration section */
		2C3470C2265AE9D7001B12BB /* Debug */ = {
			isa = XCBuildConfiguration;
			buildSettings = {
				ALWAYS_SEARCH_USER_PATHS = NO;
				CLANG_ANALYZER_LOCALIZABILITY_NONLOCALIZED = YES;
				CLANG_ANALYZER_NONNULL = YES;
				CLANG_ANALYZER_NUMBER_OBJECT_CONVERSION = YES_AGGRESSIVE;
				CLANG_CXX_LANGUAGE_STANDARD = "gnu++14";
				CLANG_CXX_LIBRARY = "libc++";
				CLANG_ENABLE_MODULES = YES;
				CLANG_ENABLE_OBJC_ARC = YES;
				CLANG_ENABLE_OBJC_WEAK = YES;
				CLANG_WARN_BLOCK_CAPTURE_AUTORELEASING = YES;
				CLANG_WARN_BOOL_CONVERSION = YES;
				CLANG_WARN_COMMA = YES;
				CLANG_WARN_CONSTANT_CONVERSION = YES;
				CLANG_WARN_DEPRECATED_OBJC_IMPLEMENTATIONS = YES;
				CLANG_WARN_DIRECT_OBJC_ISA_USAGE = YES_ERROR;
				CLANG_WARN_DOCUMENTATION_COMMENTS = YES;
				CLANG_WARN_EMPTY_BODY = YES;
				CLANG_WARN_ENUM_CONVERSION = YES;
				CLANG_WARN_INFINITE_RECURSION = YES;
				CLANG_WARN_INT_CONVERSION = YES;
				CLANG_WARN_NON_LITERAL_NULL_CONVERSION = YES;
				CLANG_WARN_OBJC_IMPLICIT_RETAIN_SELF = YES;
				CLANG_WARN_OBJC_LITERAL_CONVERSION = YES;
				CLANG_WARN_OBJC_ROOT_CLASS = YES_ERROR;
				CLANG_WARN_QUOTED_INCLUDE_IN_FRAMEWORK_HEADER = YES;
				CLANG_WARN_RANGE_LOOP_ANALYSIS = YES;
				CLANG_WARN_STRICT_PROTOTYPES = YES;
				CLANG_WARN_SUSPICIOUS_MOVE = YES;
				CLANG_WARN_UNGUARDED_AVAILABILITY = YES_AGGRESSIVE;
				CLANG_WARN_UNREACHABLE_CODE = YES;
				CLANG_WARN__DUPLICATE_METHOD_MATCH = YES;
				COPY_PHASE_STRIP = NO;
				DEBUG_INFORMATION_FORMAT = dwarf;
				ENABLE_STRICT_OBJC_MSGSEND = YES;
				ENABLE_TESTABILITY = YES;
				GCC_C_LANGUAGE_STANDARD = gnu11;
				GCC_DYNAMIC_NO_PIC = NO;
				GCC_NO_COMMON_BLOCKS = YES;
				GCC_OPTIMIZATION_LEVEL = 0;
				GCC_PREPROCESSOR_DEFINITIONS = (
					"DEBUG=1",
					"$(inherited)",
				);
				GCC_WARN_64_TO_32_BIT_CONVERSION = YES;
				GCC_WARN_ABOUT_RETURN_TYPE = YES_ERROR;
				GCC_WARN_UNDECLARED_SELECTOR = YES;
				GCC_WARN_UNINITIALIZED_AUTOS = YES_AGGRESSIVE;
				GCC_WARN_UNUSED_FUNCTION = YES;
				GCC_WARN_UNUSED_VARIABLE = YES;
				IPHONEOS_DEPLOYMENT_TARGET = 14.5;
				MTL_ENABLE_DEBUG_INFO = INCLUDE_SOURCE;
				MTL_FAST_MATH = YES;
				ONLY_ACTIVE_ARCH = YES;
				SDKROOT = iphoneos;
				SWIFT_ACTIVE_COMPILATION_CONDITIONS = DEBUG;
				SWIFT_OPTIMIZATION_LEVEL = "-Onone";
			};
			name = Debug;
		};
		2C3470C3265AE9D7001B12BB /* Release */ = {
			isa = XCBuildConfiguration;
			buildSettings = {
				ALWAYS_SEARCH_USER_PATHS = NO;
				CLANG_ANALYZER_LOCALIZABILITY_NONLOCALIZED = YES;
				CLANG_ANALYZER_NONNULL = YES;
				CLANG_ANALYZER_NUMBER_OBJECT_CONVERSION = YES_AGGRESSIVE;
				CLANG_CXX_LANGUAGE_STANDARD = "gnu++14";
				CLANG_CXX_LIBRARY = "libc++";
				CLANG_ENABLE_MODULES = YES;
				CLANG_ENABLE_OBJC_ARC = YES;
				CLANG_ENABLE_OBJC_WEAK = YES;
				CLANG_WARN_BLOCK_CAPTURE_AUTORELEASING = YES;
				CLANG_WARN_BOOL_CONVERSION = YES;
				CLANG_WARN_COMMA = YES;
				CLANG_WARN_CONSTANT_CONVERSION = YES;
				CLANG_WARN_DEPRECATED_OBJC_IMPLEMENTATIONS = YES;
				CLANG_WARN_DIRECT_OBJC_ISA_USAGE = YES_ERROR;
				CLANG_WARN_DOCUMENTATION_COMMENTS = YES;
				CLANG_WARN_EMPTY_BODY = YES;
				CLANG_WARN_ENUM_CONVERSION = YES;
				CLANG_WARN_INFINITE_RECURSION = YES;
				CLANG_WARN_INT_CONVERSION = YES;
				CLANG_WARN_NON_LITERAL_NULL_CONVERSION = YES;
				CLANG_WARN_OBJC_IMPLICIT_RETAIN_SELF = YES;
				CLANG_WARN_OBJC_LITERAL_CONVERSION = YES;
				CLANG_WARN_OBJC_ROOT_CLASS = YES_ERROR;
				CLANG_WARN_QUOTED_INCLUDE_IN_FRAMEWORK_HEADER = YES;
				CLANG_WARN_RANGE_LOOP_ANALYSIS = YES;
				CLANG_WARN_STRICT_PROTOTYPES = YES;
				CLANG_WARN_SUSPICIOUS_MOVE = YES;
				CLANG_WARN_UNGUARDED_AVAILABILITY = YES_AGGRESSIVE;
				CLANG_WARN_UNREACHABLE_CODE = YES;
				CLANG_WARN__DUPLICATE_METHOD_MATCH = YES;
				COPY_PHASE_STRIP = NO;
				DEBUG_INFORMATION_FORMAT = "dwarf-with-dsym";
				ENABLE_NS_ASSERTIONS = NO;
				ENABLE_STRICT_OBJC_MSGSEND = YES;
				GCC_C_LANGUAGE_STANDARD = gnu11;
				GCC_NO_COMMON_BLOCKS = YES;
				GCC_WARN_64_TO_32_BIT_CONVERSION = YES;
				GCC_WARN_ABOUT_RETURN_TYPE = YES_ERROR;
				GCC_WARN_UNDECLARED_SELECTOR = YES;
				GCC_WARN_UNINITIALIZED_AUTOS = YES_AGGRESSIVE;
				GCC_WARN_UNUSED_FUNCTION = YES;
				GCC_WARN_UNUSED_VARIABLE = YES;
				IPHONEOS_DEPLOYMENT_TARGET = 14.5;
				MTL_ENABLE_DEBUG_INFO = NO;
				MTL_FAST_MATH = YES;
				SDKROOT = iphoneos;
				SWIFT_COMPILATION_MODE = wholemodule;
				SWIFT_OPTIMIZATION_LEVEL = "-O";
				VALIDATE_PRODUCT = YES;
			};
			name = Release;
		};
		2C3470C5265AE9D7001B12BB /* Debug */ = {
			isa = XCBuildConfiguration;
			buildSettings = {
				ASSETCATALOG_COMPILER_APPICON_NAME = AppIcon;
				ASSETCATALOG_COMPILER_GLOBAL_ACCENT_COLOR_NAME = AccentColor;
				CODE_SIGN_ENTITLEMENTS = "zts portfolio/Configuration/zts portfolio.entitlements";
				CODE_SIGN_STYLE = Automatic;
				DEVELOPMENT_ASSET_PATHS = "\"zts portfolio/Preview Content\"";
				DEVELOPMENT_TEAM = NN22X3ZRTV;
				ENABLE_PREVIEWS = YES;
				INFOPLIST_FILE = "zts portfolio/Configuration/Info.plist";
				IPHONEOS_DEPLOYMENT_TARGET = 14.0;
				LD_RUNPATH_SEARCH_PATHS = (
					"$(inherited)",
					"@executable_path/Frameworks",
				);
				PRODUCT_BUNDLE_IDENTIFIER = "com.godaddysites.zerotwoswift.zts-portfolio";
				PRODUCT_NAME = "$(TARGET_NAME)";
				SWIFT_VERSION = 5.0;
				TARGETED_DEVICE_FAMILY = "1,2";
			};
			name = Debug;
		};
		2C3470C6265AE9D7001B12BB /* Release */ = {
			isa = XCBuildConfiguration;
			buildSettings = {
				ASSETCATALOG_COMPILER_APPICON_NAME = AppIcon;
				ASSETCATALOG_COMPILER_GLOBAL_ACCENT_COLOR_NAME = AccentColor;
				CODE_SIGN_ENTITLEMENTS = "zts portfolio/Configuration/zts portfolio.entitlements";
				CODE_SIGN_STYLE = Automatic;
				DEVELOPMENT_ASSET_PATHS = "\"zts portfolio/Preview Content\"";
				DEVELOPMENT_TEAM = NN22X3ZRTV;
				ENABLE_PREVIEWS = YES;
				INFOPLIST_FILE = "zts portfolio/Configuration/Info.plist";
				IPHONEOS_DEPLOYMENT_TARGET = 14.0;
				LD_RUNPATH_SEARCH_PATHS = (
					"$(inherited)",
					"@executable_path/Frameworks",
				);
				PRODUCT_BUNDLE_IDENTIFIER = "com.godaddysites.zerotwoswift.zts-portfolio";
				PRODUCT_NAME = "$(TARGET_NAME)";
				SWIFT_VERSION = 5.0;
				TARGETED_DEVICE_FAMILY = "1,2";
			};
			name = Release;
		};
		2C443E73270CDF2F0055DB2A /* Debug */ = {
			isa = XCBuildConfiguration;
			buildSettings = {
				CLANG_CXX_LANGUAGE_STANDARD = "gnu++17";
				CODE_SIGN_STYLE = Automatic;
				CURRENT_PROJECT_VERSION = 1;
				DEVELOPMENT_TEAM = NN22X3ZRTV;
				GENERATE_INFOPLIST_FILE = YES;
				IPHONEOS_DEPLOYMENT_TARGET = 15.0;
				LD_RUNPATH_SEARCH_PATHS = (
					"$(inherited)",
					"@executable_path/Frameworks",
					"@loader_path/Frameworks",
				);
				MARKETING_VERSION = 1.0;
				PRODUCT_BUNDLE_IDENTIFIER = "com.zerotwoswift.zts-portfolioUITests";
				PRODUCT_NAME = "$(TARGET_NAME)";
				SWIFT_EMIT_LOC_STRINGS = NO;
				SWIFT_VERSION = 5.0;
				TARGETED_DEVICE_FAMILY = "1,2";
				TEST_TARGET_NAME = "zts portfolio";
			};
			name = Debug;
		};
		2C443E74270CDF2F0055DB2A /* Release */ = {
			isa = XCBuildConfiguration;
			buildSettings = {
				CLANG_CXX_LANGUAGE_STANDARD = "gnu++17";
				CODE_SIGN_STYLE = Automatic;
				CURRENT_PROJECT_VERSION = 1;
				DEVELOPMENT_TEAM = NN22X3ZRTV;
				GENERATE_INFOPLIST_FILE = YES;
				IPHONEOS_DEPLOYMENT_TARGET = 15.0;
				LD_RUNPATH_SEARCH_PATHS = (
					"$(inherited)",
					"@executable_path/Frameworks",
					"@loader_path/Frameworks",
				);
				MARKETING_VERSION = 1.0;
				PRODUCT_BUNDLE_IDENTIFIER = "com.zerotwoswift.zts-portfolioUITests";
				PRODUCT_NAME = "$(TARGET_NAME)";
				SWIFT_EMIT_LOC_STRINGS = NO;
				SWIFT_VERSION = 5.0;
				TARGETED_DEVICE_FAMILY = "1,2";
				TEST_TARGET_NAME = "zts portfolio";
			};
			name = Release;
		};
		2CF205C026FA560F0079C72F /* Debug */ = {
			isa = XCBuildConfiguration;
			buildSettings = {
				BUNDLE_LOADER = "$(TEST_HOST)";
				"CODE_SIGN_IDENTITY[sdk=macosx*]" = "Apple Development";
				CODE_SIGN_STYLE = Automatic;
				DEVELOPMENT_TEAM = NN22X3ZRTV;
				INFOPLIST_FILE = "zts portfolioTests/Info.plist";
				LD_RUNPATH_SEARCH_PATHS = (
					"$(inherited)",
					"@executable_path/Frameworks",
					"@loader_path/Frameworks",
				);
				PRODUCT_BUNDLE_IDENTIFIER = "uk.co.thefirstprinciple.zts-portfolioTests";
				PRODUCT_NAME = "$(TARGET_NAME)";
				SWIFT_VERSION = 5.0;
				TARGETED_DEVICE_FAMILY = "1,2";
				TEST_HOST = "$(BUILT_PRODUCTS_DIR)/zts portfolio.app/zts portfolio";
			};
			name = Debug;
		};
		2CF205C126FA560F0079C72F /* Release */ = {
			isa = XCBuildConfiguration;
			buildSettings = {
				BUNDLE_LOADER = "$(TEST_HOST)";
				"CODE_SIGN_IDENTITY[sdk=macosx*]" = "Apple Development";
				CODE_SIGN_STYLE = Automatic;
				DEVELOPMENT_TEAM = NN22X3ZRTV;
				INFOPLIST_FILE = "zts portfolioTests/Info.plist";
				LD_RUNPATH_SEARCH_PATHS = (
					"$(inherited)",
					"@executable_path/Frameworks",
					"@loader_path/Frameworks",
				);
				PRODUCT_BUNDLE_IDENTIFIER = "uk.co.thefirstprinciple.zts-portfolioTests";
				PRODUCT_NAME = "$(TARGET_NAME)";
				SWIFT_VERSION = 5.0;
				TARGETED_DEVICE_FAMILY = "1,2";
				TEST_HOST = "$(BUILT_PRODUCTS_DIR)/zts portfolio.app/zts portfolio";
			};
			name = Release;
		};
/* End XCBuildConfiguration section */

/* Begin XCConfigurationList section */
		2C3470B0265AE9D6001B12BB /* Build configuration list for PBXProject "zts portfolio" */ = {
			isa = XCConfigurationList;
			buildConfigurations = (
				2C3470C2265AE9D7001B12BB /* Debug */,
				2C3470C3265AE9D7001B12BB /* Release */,
			);
			defaultConfigurationIsVisible = 0;
			defaultConfigurationName = Release;
		};
		2C3470C4265AE9D7001B12BB /* Build configuration list for PBXNativeTarget "zts portfolio" */ = {
			isa = XCConfigurationList;
			buildConfigurations = (
				2C3470C5265AE9D7001B12BB /* Debug */,
				2C3470C6265AE9D7001B12BB /* Release */,
			);
			defaultConfigurationIsVisible = 0;
			defaultConfigurationName = Release;
		};
		2C443E75270CDF2F0055DB2A /* Build configuration list for PBXNativeTarget "zts portfolioUITests" */ = {
			isa = XCConfigurationList;
			buildConfigurations = (
				2C443E73270CDF2F0055DB2A /* Debug */,
				2C443E74270CDF2F0055DB2A /* Release */,
			);
			defaultConfigurationIsVisible = 0;
			defaultConfigurationName = Release;
		};
		2CF205C226FA560F0079C72F /* Build configuration list for PBXNativeTarget "zts portfolioTests" */ = {
			isa = XCConfigurationList;
			buildConfigurations = (
				2CF205C026FA560F0079C72F /* Debug */,
				2CF205C126FA560F0079C72F /* Release */,
			);
			defaultConfigurationIsVisible = 0;
			defaultConfigurationName = Release;
		};
/* End XCConfigurationList section */

/* Begin XCVersionGroup section */
		2C535CC8265C3C0100E79C74 /* Main.xcdatamodeld */ = {
			isa = XCVersionGroup;
			children = (
				2C535CC9265C3C0100E79C74 /* Main.xcdatamodel */,
			);
			currentVersion = 2C535CC9265C3C0100E79C74 /* Main.xcdatamodel */;
			path = Main.xcdatamodeld;
			sourceTree = "<group>";
			versionGroupType = wrapper.xcdatamodel;
		};
/* End XCVersionGroup section */
	};
	rootObject = 2C3470AD265AE9D6001B12BB /* Project object */;
}
