// !$*UTF8*$!
{
	archiveVersion = 1;
	classes = {
	};
	objectVersion = 50;
	objects = {

/* Begin PBXBuildFile section */
		2C068F0126D018ED000A684D /* HomeView.swift in Sources */ = {isa = PBXBuildFile; fileRef = 2C068F0026D018ED000A684D /* HomeView.swift */; };
		2C1953A3266AD6D900AEDB93 /* Items-CoreDataHelpers.swift in Sources */ = {isa = PBXBuildFile; fileRef = 2C1953A2266AD6D900AEDB93 /* Items-CoreDataHelpers.swift */; };
		2C1953A5266AD89500AEDB93 /* Project-CoreDataHelpers.swift in Sources */ = {isa = PBXBuildFile; fileRef = 2C1953A4266AD89500AEDB93 /* Project-CoreDataHelpers.swift */; };
		2C1ECD8026D441DF006F2CC6 /* Localizable.strings in Resources */ = {isa = PBXBuildFile; fileRef = 2C1ECD8226D441DF006F2CC6 /* Localizable.strings */; };
		2C1ECD8426D4421F006F2CC6 /* Localizable.stringsdict in Resources */ = {isa = PBXBuildFile; fileRef = 2C1ECD8626D4421F006F2CC6 /* Localizable.stringsdict */; };
		2C3470B9265AE9D6001B12BB /* zts_portfolioApp.swift in Sources */ = {isa = PBXBuildFile; fileRef = 2C3470B8265AE9D6001B12BB /* zts_portfolioApp.swift */; };
		2C3470BB265AE9D6001B12BB /* ContentView.swift in Sources */ = {isa = PBXBuildFile; fileRef = 2C3470BA265AE9D6001B12BB /* ContentView.swift */; };
		2C3470BD265AE9D7001B12BB /* Assets.xcassets in Resources */ = {isa = PBXBuildFile; fileRef = 2C3470BC265AE9D7001B12BB /* Assets.xcassets */; };
		2C3470C0265AE9D7001B12BB /* Preview Assets.xcassets in Resources */ = {isa = PBXBuildFile; fileRef = 2C3470BF265AE9D7001B12BB /* Preview Assets.xcassets */; };
		2C3D72BF2670180700001AFB /* EditItemView.swift in Sources */ = {isa = PBXBuildFile; fileRef = 2C3D72BE2670180700001AFB /* EditItemView.swift */; };
		2C3D72C12670212900001AFB /* ItemRowView.swift in Sources */ = {isa = PBXBuildFile; fileRef = 2C3D72C02670212900001AFB /* ItemRowView.swift */; };
		2C535CCA265C3C0100E79C74 /* Main.xcdatamodeld in Sources */ = {isa = PBXBuildFile; fileRef = 2C535CC8265C3C0100E79C74 /* Main.xcdatamodeld */; };
		2C535CCC265C3E7B00E79C74 /* DataController.swift in Sources */ = {isa = PBXBuildFile; fileRef = 2C535CCB265C3E7B00E79C74 /* DataController.swift */; };
		2C6B355F26D0126900B76AB1 /* AwardsView.swift in Sources */ = {isa = PBXBuildFile; fileRef = 2C6B355E26D0126800B76AB1 /* AwardsView.swift */; };
		2C6B356126D0127100B76AB1 /* Color-Additions.swift in Sources */ = {isa = PBXBuildFile; fileRef = 2C6B356026D0127100B76AB1 /* Color-Additions.swift */; };
		2C7A934526D444C300BC54F7 /* Awards.json in Resources */ = {isa = PBXBuildFile; fileRef = 2C7A934726D444C300BC54F7 /* Awards.json */; };
		2C7B76692672BA4100973115 /* ProjectHeaderView.swift in Sources */ = {isa = PBXBuildFile; fileRef = 2C7B76682672BA4100973115 /* ProjectHeaderView.swift */; };
		2C7B766B2672BF2800973115 /* Colors.xcassets in Resources */ = {isa = PBXBuildFile; fileRef = 2C7B766A2672BF2800973115 /* Colors.xcassets */; };
		2C7B766D2673DF8E00973115 /* EditProjectView.swift in Sources */ = {isa = PBXBuildFile; fileRef = 2C7B766C2673DF8E00973115 /* EditProjectView.swift */; };
		2C81994D267BF288005A876C /* SequenceSorting.swift in Sources */ = {isa = PBXBuildFile; fileRef = 2C81994C267BF288005A876C /* SequenceSorting.swift */; };
		2C90BC3226D97297005DA3A9 /* ItemListView.swift in Sources */ = {isa = PBXBuildFile; fileRef = 2C90BC3126D97297005DA3A9 /* ItemListView.swift */; };
		2C90BC3426D97397005DA3A9 /* ProjectSummaryView.swift in Sources */ = {isa = PBXBuildFile; fileRef = 2C90BC3326D97397005DA3A9 /* ProjectSummaryView.swift */; };
		2C9F975226A62354000CB5BF /* Award.swift in Sources */ = {isa = PBXBuildFile; fileRef = 2C9F975126A62354000CB5BF /* Award.swift */; };
		2CAA4A2B26910A710049D61A /* SelectSomthingView.swift in Sources */ = {isa = PBXBuildFile; fileRef = 2CAA4A2A26910A710049D61A /* SelectSomthingView.swift */; };
		2CB2E11E2693B5CC00F7BB1A /* Bundle-Decodable.swift in Sources */ = {isa = PBXBuildFile; fileRef = 2CB2E11D2693B5CC00F7BB1A /* Bundle-Decodable.swift */; };
		2CD6587026715689009CB06D /* Binding-OnChange.swift in Sources */ = {isa = PBXBuildFile; fileRef = 2CD6586F26715689009CB06D /* Binding-OnChange.swift */; };
		2CFD20E926682FE3009E68DF /* ProjectsView.swift in Sources */ = {isa = PBXBuildFile; fileRef = 2CFD20E826682FE3009E68DF /* ProjectsView.swift */; };
/* End PBXBuildFile section */

/* Begin PBXFileReference section */
		2C068F0026D018ED000A684D /* HomeView.swift */ = {isa = PBXFileReference; fileEncoding = 4; lastKnownFileType = sourcecode.swift; path = HomeView.swift; sourceTree = "<group>"; };
		2C0DFB3D267528BA0020E703 /* zts portfolio.entitlements */ = {isa = PBXFileReference; lastKnownFileType = text.plist.entitlements; path = "zts portfolio.entitlements"; sourceTree = "<group>"; };
		2C1953A2266AD6D900AEDB93 /* Items-CoreDataHelpers.swift */ = {isa = PBXFileReference; lastKnownFileType = sourcecode.swift; path = "Items-CoreDataHelpers.swift"; sourceTree = "<group>"; };
		2C1953A4266AD89500AEDB93 /* Project-CoreDataHelpers.swift */ = {isa = PBXFileReference; lastKnownFileType = sourcecode.swift; path = "Project-CoreDataHelpers.swift"; sourceTree = "<group>"; };
		2C1ECD8126D441DF006F2CC6 /* en */ = {isa = PBXFileReference; lastKnownFileType = text.plist.strings; name = en; path = en.lproj/Localizable.strings; sourceTree = "<group>"; };
		2C1ECD8326D441F4006F2CC6 /* pl */ = {isa = PBXFileReference; lastKnownFileType = text.plist.strings; name = pl; path = pl.lproj/Localizable.strings; sourceTree = "<group>"; };
		2C1ECD8526D4421F006F2CC6 /* en */ = {isa = PBXFileReference; lastKnownFileType = text.plist.stringsdict; name = en; path = en.lproj/Localizable.stringsdict; sourceTree = "<group>"; };
		2C1ECD8726D44224006F2CC6 /* pl */ = {isa = PBXFileReference; lastKnownFileType = text.plist.stringsdict; name = pl; path = pl.lproj/Localizable.stringsdict; sourceTree = "<group>"; };
		2C3470B5265AE9D6001B12BB /* zts portfolio.app */ = {isa = PBXFileReference; explicitFileType = wrapper.application; includeInIndex = 0; path = "zts portfolio.app"; sourceTree = BUILT_PRODUCTS_DIR; };
		2C3470B8265AE9D6001B12BB /* zts_portfolioApp.swift */ = {isa = PBXFileReference; lastKnownFileType = sourcecode.swift; path = zts_portfolioApp.swift; sourceTree = "<group>"; };
		2C3470BA265AE9D6001B12BB /* ContentView.swift */ = {isa = PBXFileReference; lastKnownFileType = sourcecode.swift; path = ContentView.swift; sourceTree = "<group>"; };
		2C3470BC265AE9D7001B12BB /* Assets.xcassets */ = {isa = PBXFileReference; lastKnownFileType = folder.assetcatalog; path = Assets.xcassets; sourceTree = "<group>"; };
		2C3470BF265AE9D7001B12BB /* Preview Assets.xcassets */ = {isa = PBXFileReference; lastKnownFileType = folder.assetcatalog; path = "Preview Assets.xcassets"; sourceTree = "<group>"; };
		2C3470C1265AE9D7001B12BB /* Info.plist */ = {isa = PBXFileReference; lastKnownFileType = text.plist.xml; path = Info.plist; sourceTree = "<group>"; };
		2C3D72BE2670180700001AFB /* EditItemView.swift */ = {isa = PBXFileReference; lastKnownFileType = sourcecode.swift; path = EditItemView.swift; sourceTree = "<group>"; };
		2C3D72C02670212900001AFB /* ItemRowView.swift */ = {isa = PBXFileReference; lastKnownFileType = sourcecode.swift; path = ItemRowView.swift; sourceTree = "<group>"; };
		2C535CC9265C3C0100E79C74 /* Main.xcdatamodel */ = {isa = PBXFileReference; lastKnownFileType = wrapper.xcdatamodel; path = Main.xcdatamodel; sourceTree = "<group>"; };
		2C535CCB265C3E7B00E79C74 /* DataController.swift */ = {isa = PBXFileReference; lastKnownFileType = sourcecode.swift; path = DataController.swift; sourceTree = "<group>"; };
		2C6B355E26D0126800B76AB1 /* AwardsView.swift */ = {isa = PBXFileReference; fileEncoding = 4; lastKnownFileType = sourcecode.swift; path = AwardsView.swift; sourceTree = "<group>"; };
		2C6B356026D0127100B76AB1 /* Color-Additions.swift */ = {isa = PBXFileReference; fileEncoding = 4; lastKnownFileType = sourcecode.swift; path = "Color-Additions.swift"; sourceTree = "<group>"; };
		2C7A934826D444C600BC54F7 /* en */ = {isa = PBXFileReference; lastKnownFileType = text.json; name = en; path = en.lproj/Awards.json; sourceTree = "<group>"; };
		2C7A934926D444C700BC54F7 /* pl */ = {isa = PBXFileReference; lastKnownFileType = text.json; name = pl; path = pl.lproj/Awards.json; sourceTree = "<group>"; };
		2C7B76682672BA4100973115 /* ProjectHeaderView.swift */ = {isa = PBXFileReference; lastKnownFileType = sourcecode.swift; path = ProjectHeaderView.swift; sourceTree = "<group>"; };
		2C7B766A2672BF2800973115 /* Colors.xcassets */ = {isa = PBXFileReference; lastKnownFileType = folder.assetcatalog; path = Colors.xcassets; sourceTree = "<group>"; };
		2C7B766C2673DF8E00973115 /* EditProjectView.swift */ = {isa = PBXFileReference; lastKnownFileType = sourcecode.swift; path = EditProjectView.swift; sourceTree = "<group>"; };
		2C81994C267BF288005A876C /* SequenceSorting.swift */ = {isa = PBXFileReference; lastKnownFileType = sourcecode.swift; path = SequenceSorting.swift; sourceTree = "<group>"; };
		2C90BC3126D97297005DA3A9 /* ItemListView.swift */ = {isa = PBXFileReference; lastKnownFileType = sourcecode.swift; path = ItemListView.swift; sourceTree = "<group>"; };
		2C90BC3326D97397005DA3A9 /* ProjectSummaryView.swift */ = {isa = PBXFileReference; lastKnownFileType = sourcecode.swift; path = ProjectSummaryView.swift; sourceTree = "<group>"; };
		2C9F975126A62354000CB5BF /* Award.swift */ = {isa = PBXFileReference; lastKnownFileType = sourcecode.swift; path = Award.swift; sourceTree = "<group>"; };
		2CAA4A2A26910A710049D61A /* SelectSomthingView.swift */ = {isa = PBXFileReference; lastKnownFileType = sourcecode.swift; path = SelectSomthingView.swift; sourceTree = "<group>"; };
		2CB2E11D2693B5CC00F7BB1A /* Bundle-Decodable.swift */ = {isa = PBXFileReference; lastKnownFileType = sourcecode.swift; path = "Bundle-Decodable.swift"; sourceTree = "<group>"; };
		2CD6586F26715689009CB06D /* Binding-OnChange.swift */ = {isa = PBXFileReference; lastKnownFileType = sourcecode.swift; path = "Binding-OnChange.swift"; sourceTree = "<group>"; };
		2CFD20E826682FE3009E68DF /* ProjectsView.swift */ = {isa = PBXFileReference; lastKnownFileType = sourcecode.swift; path = ProjectsView.swift; sourceTree = "<group>"; };
/* End PBXFileReference section */

/* Begin PBXFrameworksBuildPhase section */
		2C3470B2265AE9D6001B12BB /* Frameworks */ = {
			isa = PBXFrameworksBuildPhase;
			buildActionMask = 2147483647;
			files = (
			);
			runOnlyForDeploymentPostprocessing = 0;
		};
/* End PBXFrameworksBuildPhase section */

/* Begin PBXGroup section */
		2C1ECD8826D44242006F2CC6 /* Localisations */ = {
			isa = PBXGroup;
			children = (
				2C1ECD8226D441DF006F2CC6 /* Localizable.strings */,
				2C1ECD8626D4421F006F2CC6 /* Localizable.stringsdict */,
			);
			path = Localisations;
			sourceTree = "<group>";
		};
		2C3470AC265AE9D6001B12BB = {
			isa = PBXGroup;
			children = (
				2C3470B7265AE9D6001B12BB /* zts portfolio */,
				2C3470B6265AE9D6001B12BB /* Products */,
			);
			sourceTree = "<group>";
		};
		2C3470B6265AE9D6001B12BB /* Products */ = {
			isa = PBXGroup;
			children = (
				2C3470B5265AE9D6001B12BB /* zts portfolio.app */,
			);
			name = Products;
			sourceTree = "<group>";
		};
		2C3470B7265AE9D6001B12BB /* zts portfolio */ = {
			isa = PBXGroup;
			children = (
				2C0DFB3D267528BA0020E703 /* zts portfolio.entitlements */,
				2C3470B8265AE9D6001B12BB /* zts_portfolioApp.swift */,
				2C3470BA265AE9D6001B12BB /* ContentView.swift */,
				2CAA4A2A26910A710049D61A /* SelectSomthingView.swift */,
				2C068F0026D018ED000A684D /* HomeView.swift */,
				2C90BC3326D97397005DA3A9 /* ProjectSummaryView.swift */,
				2CFD20E826682FE3009E68DF /* ProjectsView.swift */,
				2C90BC3126D97297005DA3A9 /* ItemListView.swift */,
				2C3D72C02670212900001AFB /* ItemRowView.swift */,
				2C3D72BE2670180700001AFB /* EditItemView.swift */,
				2C7B76682672BA4100973115 /* ProjectHeaderView.swift */,
				2C7B766C2673DF8E00973115 /* EditProjectView.swift */,
				2C81994C267BF288005A876C /* SequenceSorting.swift */,
				2C1953A2266AD6D900AEDB93 /* Items-CoreDataHelpers.swift */,
				2C1953A4266AD89500AEDB93 /* Project-CoreDataHelpers.swift */,
				2CD6586F26715689009CB06D /* Binding-OnChange.swift */,
				2C535CCB265C3E7B00E79C74 /* DataController.swift */,
				2CB2E11D2693B5CC00F7BB1A /* Bundle-Decodable.swift */,
				2C9F975126A62354000CB5BF /* Award.swift */,
				2C6B355E26D0126800B76AB1 /* AwardsView.swift */,
				2C7A934726D444C300BC54F7 /* Awards.json */,
				2C1ECD8826D44242006F2CC6 /* Localisations */,
				2C3470BC265AE9D7001B12BB /* Assets.xcassets */,
				2C6B356026D0127100B76AB1 /* Color-Additions.swift */,
				2C7B766A2672BF2800973115 /* Colors.xcassets */,
				2C3470C1265AE9D7001B12BB /* Info.plist */,
				2C3470BE265AE9D7001B12BB /* Preview Content */,
				2C535CC8265C3C0100E79C74 /* Main.xcdatamodeld */,
			);
			path = "zts portfolio";
			sourceTree = "<group>";
		};
		2C3470BE265AE9D7001B12BB /* Preview Content */ = {
			isa = PBXGroup;
			children = (
				2C3470BF265AE9D7001B12BB /* Preview Assets.xcassets */,
			);
			path = "Preview Content";
			sourceTree = "<group>";
		};
/* End PBXGroup section */

/* Begin PBXNativeTarget section */
		2C3470B4265AE9D6001B12BB /* zts portfolio */ = {
			isa = PBXNativeTarget;
			buildConfigurationList = 2C3470C4265AE9D7001B12BB /* Build configuration list for PBXNativeTarget "zts portfolio" */;
			buildPhases = (
				2C3470B1265AE9D6001B12BB /* Sources */,
				2C3470B2265AE9D6001B12BB /* Frameworks */,
				2C3470B3265AE9D6001B12BB /* Resources */,
				2C007FDE26EFD71800DD4EAD /* ShellScript */,
			);
			buildRules = (
			);
			dependencies = (
			);
			name = "zts portfolio";
			productName = "zts portfolio";
			productReference = 2C3470B5265AE9D6001B12BB /* zts portfolio.app */;
			productType = "com.apple.product-type.application";
		};
/* End PBXNativeTarget section */

/* Begin PBXProject section */
		2C3470AD265AE9D6001B12BB /* Project object */ = {
			isa = PBXProject;
			attributes = {
				LastSwiftUpdateCheck = 1250;
				LastUpgradeCheck = 1250;
				TargetAttributes = {
					2C3470B4265AE9D6001B12BB = {
						CreatedOnToolsVersion = 12.5;
					};
				};
			};
			buildConfigurationList = 2C3470B0265AE9D6001B12BB /* Build configuration list for PBXProject "zts portfolio" */;
			compatibilityVersion = "Xcode 9.3";
			developmentRegion = en;
			hasScannedForEncodings = 0;
			knownRegions = (
				en,
				Base,
				pl,
			);
			mainGroup = 2C3470AC265AE9D6001B12BB;
			productRefGroup = 2C3470B6265AE9D6001B12BB /* Products */;
			projectDirPath = "";
			projectRoot = "";
			targets = (
				2C3470B4265AE9D6001B12BB /* zts portfolio */,
			);
		};
/* End PBXProject section */

/* Begin PBXResourcesBuildPhase section */
		2C3470B3265AE9D6001B12BB /* Resources */ = {
			isa = PBXResourcesBuildPhase;
			buildActionMask = 2147483647;
			files = (
				2C1ECD8026D441DF006F2CC6 /* Localizable.strings in Resources */,
				2C7A934526D444C300BC54F7 /* Awards.json in Resources */,
				2C7B766B2672BF2800973115 /* Colors.xcassets in Resources */,
				2C3470C0265AE9D7001B12BB /* Preview Assets.xcassets in Resources */,
				2C3470BD265AE9D7001B12BB /* Assets.xcassets in Resources */,
				2C1ECD8426D4421F006F2CC6 /* Localizable.stringsdict in Resources */,
			);
			runOnlyForDeploymentPostprocessing = 0;
		};
/* End PBXResourcesBuildPhase section */

/* Begin PBXShellScriptBuildPhase section */
		2C007FDE26EFD71800DD4EAD /* ShellScript */ = {
			isa = PBXShellScriptBuildPhase;
			buildActionMask = 2147483647;
			files = (
			);
			inputFileListPaths = (
			);
			inputPaths = (
			);
			outputFileListPaths = (
			);
			outputPaths = (
			);
			runOnlyForDeploymentPostprocessing = 0;
			shellPath = /bin/sh;
			shellScript = "# Type a script or drag a script file from your workspace to insert its path.\nif which swiftlint >/dev/null; then\n  swiftlint\nelse\n  echo \"warning: SwiftLint not installed, download from https://github.com/realm/SwiftLint\"\nfi\n";
		};
/* End PBXShellScriptBuildPhase section */

/* Begin PBXSourcesBuildPhase section */
		2C3470B1265AE9D6001B12BB /* Sources */ = {
			isa = PBXSourcesBuildPhase;
			buildActionMask = 2147483647;
			files = (
				2CFD20E926682FE3009E68DF /* ProjectsView.swift in Sources */,
				2C90BC3426D97397005DA3A9 /* ProjectSummaryView.swift in Sources */,
				2CAA4A2B26910A710049D61A /* SelectSomthingView.swift in Sources */,
				2C6B355F26D0126900B76AB1 /* AwardsView.swift in Sources */,
				2C7B76692672BA4100973115 /* ProjectHeaderView.swift in Sources */,
				2C535CCA265C3C0100E79C74 /* Main.xcdatamodeld in Sources */,
				2C6B356126D0127100B76AB1 /* Color-Additions.swift in Sources */,
				2C1953A5266AD89500AEDB93 /* Project-CoreDataHelpers.swift in Sources */,
				2C7B766D2673DF8E00973115 /* EditProjectView.swift in Sources */,
				2C535CCC265C3E7B00E79C74 /* DataController.swift in Sources */,
				2C9F975226A62354000CB5BF /* Award.swift in Sources */,
				2C3D72C12670212900001AFB /* ItemRowView.swift in Sources */,
				2C3470BB265AE9D6001B12BB /* ContentView.swift in Sources */,
				2CD6587026715689009CB06D /* Binding-OnChange.swift in Sources */,
				2C81994D267BF288005A876C /* SequenceSorting.swift in Sources */,
				2CB2E11E2693B5CC00F7BB1A /* Bundle-Decodable.swift in Sources */,
				2C90BC3226D97297005DA3A9 /* ItemListView.swift in Sources */,
				2C1953A3266AD6D900AEDB93 /* Items-CoreDataHelpers.swift in Sources */,
				2C3470B9265AE9D6001B12BB /* zts_portfolioApp.swift in Sources */,
				2C3D72BF2670180700001AFB /* EditItemView.swift in Sources */,
				2C068F0126D018ED000A684D /* HomeView.swift in Sources */,
			);
			runOnlyForDeploymentPostprocessing = 0;
		};
/* End PBXSourcesBuildPhase section */

/* Begin PBXVariantGroup section */
		2C1ECD8226D441DF006F2CC6 /* Localizable.strings */ = {
			isa = PBXVariantGroup;
			children = (
				2C1ECD8126D441DF006F2CC6 /* en */,
				2C1ECD8326D441F4006F2CC6 /* pl */,
			);
			name = Localizable.strings;
			sourceTree = "<group>";
		};
		2C1ECD8626D4421F006F2CC6 /* Localizable.stringsdict */ = {
			isa = PBXVariantGroup;
			children = (
				2C1ECD8526D4421F006F2CC6 /* en */,
				2C1ECD8726D44224006F2CC6 /* pl */,
			);
			name = Localizable.stringsdict;
			sourceTree = "<group>";
		};
		2C7A934726D444C300BC54F7 /* Awards.json */ = {
			isa = PBXVariantGroup;
			children = (
				2C7A934826D444C600BC54F7 /* en */,
				2C7A934926D444C700BC54F7 /* pl */,
			);
			name = Awards.json;
			sourceTree = "<group>";
		};
/* End PBXVariantGroup section */

/* Begin XCBuildConfiguration section */
		2C3470C2265AE9D7001B12BB /* Debug */ = {
			isa = XCBuildConfiguration;
			buildSettings = {
				ALWAYS_SEARCH_USER_PATHS = NO;
				CLANG_ANALYZER_LOCALIZABILITY_NONLOCALIZED = YES;
				CLANG_ANALYZER_NONNULL = YES;
				CLANG_ANALYZER_NUMBER_OBJECT_CONVERSION = YES_AGGRESSIVE;
				CLANG_CXX_LANGUAGE_STANDARD = "gnu++14";
				CLANG_CXX_LIBRARY = "libc++";
				CLANG_ENABLE_MODULES = YES;
				CLANG_ENABLE_OBJC_ARC = YES;
				CLANG_ENABLE_OBJC_WEAK = YES;
				CLANG_WARN_BLOCK_CAPTURE_AUTORELEASING = YES;
				CLANG_WARN_BOOL_CONVERSION = YES;
				CLANG_WARN_COMMA = YES;
				CLANG_WARN_CONSTANT_CONVERSION = YES;
				CLANG_WARN_DEPRECATED_OBJC_IMPLEMENTATIONS = YES;
				CLANG_WARN_DIRECT_OBJC_ISA_USAGE = YES_ERROR;
				CLANG_WARN_DOCUMENTATION_COMMENTS = YES;
				CLANG_WARN_EMPTY_BODY = YES;
				CLANG_WARN_ENUM_CONVERSION = YES;
				CLANG_WARN_INFINITE_RECURSION = YES;
				CLANG_WARN_INT_CONVERSION = YES;
				CLANG_WARN_NON_LITERAL_NULL_CONVERSION = YES;
				CLANG_WARN_OBJC_IMPLICIT_RETAIN_SELF = YES;
				CLANG_WARN_OBJC_LITERAL_CONVERSION = YES;
				CLANG_WARN_OBJC_ROOT_CLASS = YES_ERROR;
				CLANG_WARN_QUOTED_INCLUDE_IN_FRAMEWORK_HEADER = YES;
				CLANG_WARN_RANGE_LOOP_ANALYSIS = YES;
				CLANG_WARN_STRICT_PROTOTYPES = YES;
				CLANG_WARN_SUSPICIOUS_MOVE = YES;
				CLANG_WARN_UNGUARDED_AVAILABILITY = YES_AGGRESSIVE;
				CLANG_WARN_UNREACHABLE_CODE = YES;
				CLANG_WARN__DUPLICATE_METHOD_MATCH = YES;
				COPY_PHASE_STRIP = NO;
				DEBUG_INFORMATION_FORMAT = dwarf;
				ENABLE_STRICT_OBJC_MSGSEND = YES;
				ENABLE_TESTABILITY = YES;
				GCC_C_LANGUAGE_STANDARD = gnu11;
				GCC_DYNAMIC_NO_PIC = NO;
				GCC_NO_COMMON_BLOCKS = YES;
				GCC_OPTIMIZATION_LEVEL = 0;
				GCC_PREPROCESSOR_DEFINITIONS = (
					"DEBUG=1",
					"$(inherited)",
				);
				GCC_WARN_64_TO_32_BIT_CONVERSION = YES;
				GCC_WARN_ABOUT_RETURN_TYPE = YES_ERROR;
				GCC_WARN_UNDECLARED_SELECTOR = YES;
				GCC_WARN_UNINITIALIZED_AUTOS = YES_AGGRESSIVE;
				GCC_WARN_UNUSED_FUNCTION = YES;
				GCC_WARN_UNUSED_VARIABLE = YES;
				IPHONEOS_DEPLOYMENT_TARGET = 14.5;
				MTL_ENABLE_DEBUG_INFO = INCLUDE_SOURCE;
				MTL_FAST_MATH = YES;
				ONLY_ACTIVE_ARCH = YES;
				SDKROOT = iphoneos;
				SWIFT_ACTIVE_COMPILATION_CONDITIONS = DEBUG;
				SWIFT_OPTIMIZATION_LEVEL = "-Onone";
			};
			name = Debug;
		};
		2C3470C3265AE9D7001B12BB /* Release */ = {
			isa = XCBuildConfiguration;
			buildSettings = {
				ALWAYS_SEARCH_USER_PATHS = NO;
				CLANG_ANALYZER_LOCALIZABILITY_NONLOCALIZED = YES;
				CLANG_ANALYZER_NONNULL = YES;
				CLANG_ANALYZER_NUMBER_OBJECT_CONVERSION = YES_AGGRESSIVE;
				CLANG_CXX_LANGUAGE_STANDARD = "gnu++14";
				CLANG_CXX_LIBRARY = "libc++";
				CLANG_ENABLE_MODULES = YES;
				CLANG_ENABLE_OBJC_ARC = YES;
				CLANG_ENABLE_OBJC_WEAK = YES;
				CLANG_WARN_BLOCK_CAPTURE_AUTORELEASING = YES;
				CLANG_WARN_BOOL_CONVERSION = YES;
				CLANG_WARN_COMMA = YES;
				CLANG_WARN_CONSTANT_CONVERSION = YES;
				CLANG_WARN_DEPRECATED_OBJC_IMPLEMENTATIONS = YES;
				CLANG_WARN_DIRECT_OBJC_ISA_USAGE = YES_ERROR;
				CLANG_WARN_DOCUMENTATION_COMMENTS = YES;
				CLANG_WARN_EMPTY_BODY = YES;
				CLANG_WARN_ENUM_CONVERSION = YES;
				CLANG_WARN_INFINITE_RECURSION = YES;
				CLANG_WARN_INT_CONVERSION = YES;
				CLANG_WARN_NON_LITERAL_NULL_CONVERSION = YES;
				CLANG_WARN_OBJC_IMPLICIT_RETAIN_SELF = YES;
				CLANG_WARN_OBJC_LITERAL_CONVERSION = YES;
				CLANG_WARN_OBJC_ROOT_CLASS = YES_ERROR;
				CLANG_WARN_QUOTED_INCLUDE_IN_FRAMEWORK_HEADER = YES;
				CLANG_WARN_RANGE_LOOP_ANALYSIS = YES;
				CLANG_WARN_STRICT_PROTOTYPES = YES;
				CLANG_WARN_SUSPICIOUS_MOVE = YES;
				CLANG_WARN_UNGUARDED_AVAILABILITY = YES_AGGRESSIVE;
				CLANG_WARN_UNREACHABLE_CODE = YES;
				CLANG_WARN__DUPLICATE_METHOD_MATCH = YES;
				COPY_PHASE_STRIP = NO;
				DEBUG_INFORMATION_FORMAT = "dwarf-with-dsym";
				ENABLE_NS_ASSERTIONS = NO;
				ENABLE_STRICT_OBJC_MSGSEND = YES;
				GCC_C_LANGUAGE_STANDARD = gnu11;
				GCC_NO_COMMON_BLOCKS = YES;
				GCC_WARN_64_TO_32_BIT_CONVERSION = YES;
				GCC_WARN_ABOUT_RETURN_TYPE = YES_ERROR;
				GCC_WARN_UNDECLARED_SELECTOR = YES;
				GCC_WARN_UNINITIALIZED_AUTOS = YES_AGGRESSIVE;
				GCC_WARN_UNUSED_FUNCTION = YES;
				GCC_WARN_UNUSED_VARIABLE = YES;
				IPHONEOS_DEPLOYMENT_TARGET = 14.5;
				MTL_ENABLE_DEBUG_INFO = NO;
				MTL_FAST_MATH = YES;
				SDKROOT = iphoneos;
				SWIFT_COMPILATION_MODE = wholemodule;
				SWIFT_OPTIMIZATION_LEVEL = "-O";
				VALIDATE_PRODUCT = YES;
			};
			name = Release;
		};
		2C3470C5265AE9D7001B12BB /* Debug */ = {
			isa = XCBuildConfiguration;
			buildSettings = {
				ASSETCATALOG_COMPILER_APPICON_NAME = AppIcon;
				ASSETCATALOG_COMPILER_GLOBAL_ACCENT_COLOR_NAME = AccentColor;
				CODE_SIGN_ENTITLEMENTS = "zts portfolio/zts portfolio.entitlements";
				CODE_SIGN_STYLE = Automatic;
				DEVELOPMENT_ASSET_PATHS = "\"zts portfolio/Preview Content\"";
				DEVELOPMENT_TEAM = NN22X3ZRTV;
				ENABLE_PREVIEWS = YES;
				INFOPLIST_FILE = "zts portfolio/Info.plist";
				IPHONEOS_DEPLOYMENT_TARGET = 14.0;
				LD_RUNPATH_SEARCH_PATHS = (
					"$(inherited)",
					"@executable_path/Frameworks",
				);
				PRODUCT_BUNDLE_IDENTIFIER = "com.godaddysites.zerotwoswift.zts-portfolio";
				PRODUCT_NAME = "$(TARGET_NAME)";
				SWIFT_VERSION = 5.0;
				TARGETED_DEVICE_FAMILY = "1,2";
			};
			name = Debug;
		};
		2C3470C6265AE9D7001B12BB /* Release */ = {
			isa = XCBuildConfiguration;
			buildSettings = {
				ASSETCATALOG_COMPILER_APPICON_NAME = AppIcon;
				ASSETCATALOG_COMPILER_GLOBAL_ACCENT_COLOR_NAME = AccentColor;
				CODE_SIGN_ENTITLEMENTS = "zts portfolio/zts portfolio.entitlements";
				CODE_SIGN_STYLE = Automatic;
				DEVELOPMENT_ASSET_PATHS = "\"zts portfolio/Preview Content\"";
				DEVELOPMENT_TEAM = NN22X3ZRTV;
				ENABLE_PREVIEWS = YES;
				INFOPLIST_FILE = "zts portfolio/Info.plist";
				IPHONEOS_DEPLOYMENT_TARGET = 14.0;
				LD_RUNPATH_SEARCH_PATHS = (
					"$(inherited)",
					"@executable_path/Frameworks",
				);
				PRODUCT_BUNDLE_IDENTIFIER = "com.godaddysites.zerotwoswift.zts-portfolio";
				PRODUCT_NAME = "$(TARGET_NAME)";
				SWIFT_VERSION = 5.0;
				TARGETED_DEVICE_FAMILY = "1,2";
			};
			name = Release;
		};
/* End XCBuildConfiguration section */

/* Begin XCConfigurationList section */
		2C3470B0265AE9D6001B12BB /* Build configuration list for PBXProject "zts portfolio" */ = {
			isa = XCConfigurationList;
			buildConfigurations = (
				2C3470C2265AE9D7001B12BB /* Debug */,
				2C3470C3265AE9D7001B12BB /* Release */,
			);
			defaultConfigurationIsVisible = 0;
			defaultConfigurationName = Release;
		};
		2C3470C4265AE9D7001B12BB /* Build configuration list for PBXNativeTarget "zts portfolio" */ = {
			isa = XCConfigurationList;
			buildConfigurations = (
				2C3470C5265AE9D7001B12BB /* Debug */,
				2C3470C6265AE9D7001B12BB /* Release */,
			);
			defaultConfigurationIsVisible = 0;
			defaultConfigurationName = Release;
		};
/* End XCConfigurationList section */

/* Begin XCVersionGroup section */
		2C535CC8265C3C0100E79C74 /* Main.xcdatamodeld */ = {
			isa = XCVersionGroup;
			children = (
				2C535CC9265C3C0100E79C74 /* Main.xcdatamodel */,
			);
			currentVersion = 2C535CC9265C3C0100E79C74 /* Main.xcdatamodel */;
			path = Main.xcdatamodeld;
			sourceTree = "<group>";
			versionGroupType = wrapper.xcdatamodel;
		};
/* End XCVersionGroup section */
	};
	rootObject = 2C3470AD265AE9D6001B12BB /* Project object */;
}
